
Microsoft Visual Studio Solution File, Format Version 12.00
# Visual Studio Version 16
VisualStudioVersion = 16.0.31129.286
MinimumVisualStudioVersion = 10.0.40219.1
Project("{FAE04EC0-301F-11D3-BF4B-00C04F79EFBC}") = "CafeSystem", "CafeSystem.csproj", "{F83A2E7D-51FA-444A-ACA4-6B014B88D913}"
EndProject
Global
	GlobalSection(SolutionConfigurationPlatforms) = preSolution
		Debug|Any CPU = Debug|Any CPU
		Release|Any CPU = Release|Any CPU
	EndGlobalSection
	GlobalSection(ProjectConfigurationPlatforms) = postSolution
		{F83A2E7D-51FA-444A-ACA4-6B014B88D913}.Debug|Any CPU.ActiveCfg = Debug|Any CPU
		{F83A2E7D-51FA-444A-ACA4-6B014B88D913}.Debug|Any CPU.Build.0 = Debug|Any CPU
		{F83A2E7D-51FA-444A-ACA4-6B014B88D913}.Release|Any CPU.ActiveCfg = Release|Any CPU
		{F83A2E7D-51FA-444A-ACA4-6B014B88D913}.Release|Any CPU.Build.0 = Release|Any CPU
	EndGlobalSection
	GlobalSection(SolutionProperties) = preSolution
		HideSolutionNode = FALSE
	EndGlobalSection
	GlobalSection(ExtensibilityGlobals) = postSolution
		SolutionGuid = {402316B4-4683-4885-BF2A-9425EC9B1E4E}
	EndGlobalSection
EndGlobal
